// !$*UTF8*$!
{
	archiveVersion = 1;
	classes = {
	};
	objectVersion = 51;
	objects = {

/* Begin PBXBuildFile section */
		46C8E75322995E22008ACD01 /* AppDelegate.swift in Sources */ = {isa = PBXBuildFile; fileRef = 46C8E75222995E22008ACD01 /* AppDelegate.swift */; };
		46C8E75B22995E22008ACD01 /* SL.xcdatamodeld in Sources */ = {isa = PBXBuildFile; fileRef = 46C8E75922995E22008ACD01 /* SL.xcdatamodeld */; };
		46C8E76822995F5D008ACD01 /* MyTableViewController.swift in Sources */ = {isa = PBXBuildFile; fileRef = 46C8E76722995F5D008ACD01 /* MyTableViewController.swift */; };
		46C8E76C229A6B63008ACD01 /* MainNavigationController.swift in Sources */ = {isa = PBXBuildFile; fileRef = 46C8E76B229A6B63008ACD01 /* MainNavigationController.swift */; };
		46C8E76E229A6C2E008ACD01 /* NewKeyViewController.swift in Sources */ = {isa = PBXBuildFile; fileRef = 46C8E76D229A6C2E008ACD01 /* NewKeyViewController.swift */; };
		46F2021C229D7F3A00E0C63D /* SQLiteDataStore.swift in Sources */ = {isa = PBXBuildFile; fileRef = 46F2021B229D7F3A00E0C63D /* SQLiteDataStore.swift */; };
		46F2021E229D80CB00E0C63D /* DataModel.swift in Sources */ = {isa = PBXBuildFile; fileRef = 46F2021D229D80CB00E0C63D /* DataModel.swift */; };
		46F20220229D810000E0C63D /* DataHelper.swift in Sources */ = {isa = PBXBuildFile; fileRef = 46F2021F229D810000E0C63D /* DataHelper.swift */; };
		46F2022222A2BAC100E0C63D /* EditViewController.swift in Sources */ = {isa = PBXBuildFile; fileRef = 46F2022122A2BAC100E0C63D /* EditViewController.swift */; };
		46F2024722A2DC6200E0C63D /* Main.storyboard in Resources */ = {isa = PBXBuildFile; fileRef = 46F2024622A2DC6200E0C63D /* Main.storyboard */; };
		46F2024922A2DCB400E0C63D /* LaunchScreen.storyboard in Resources */ = {isa = PBXBuildFile; fileRef = 46F2024822A2DCB400E0C63D /* LaunchScreen.storyboard */; };
		46F2024C22A2DE6800E0C63D /* DataSocket.swift in Sources */ = {isa = PBXBuildFile; fileRef = 46F2024B22A2DE6800E0C63D /* DataSocket.swift */; };
		46F2025022A2DF1400E0C63D /* Assets.xcassets in Resources */ = {isa = PBXBuildFile; fileRef = 46F2024F22A2DF1400E0C63D /* Assets.xcassets */; };
		46F2025222A2DF8800E0C63D /* SocketManager.swift in Sources */ = {isa = PBXBuildFile; fileRef = 46F2025122A2DF8800E0C63D /* SocketManager.swift */; };
		46F2025422A2E28000E0C63D /* PresentersProtocol.swift in Sources */ = {isa = PBXBuildFile; fileRef = 46F2025322A2E28000E0C63D /* PresentersProtocol.swift */; };
		5987A6250D3D6EC36255B789 /* Pods_SL.framework in Frameworks */ = {isa = PBXBuildFile; fileRef = 04835BAF0828BF9286B34044 /* Pods_SL.framework */; };
/* End PBXBuildFile section */

/* Begin PBXFileReference section */
		04835BAF0828BF9286B34044 /* Pods_SL.framework */ = {isa = PBXFileReference; explicitFileType = wrapper.framework; includeInIndex = 0; path = Pods_SL.framework; sourceTree = BUILT_PRODUCTS_DIR; };
		1843424233F53F3F05AD2018 /* Pods-SL.debug.xcconfig */ = {isa = PBXFileReference; includeInIndex = 1; lastKnownFileType = text.xcconfig; name = "Pods-SL.debug.xcconfig"; path = "Target Support Files/Pods-SL/Pods-SL.debug.xcconfig"; sourceTree = "<group>"; };
		46C8E74F22995E22008ACD01 /* SmartLock.app */ = {isa = PBXFileReference; explicitFileType = wrapper.application; includeInIndex = 0; path = SmartLock.app; sourceTree = BUILT_PRODUCTS_DIR; };
		46C8E75222995E22008ACD01 /* AppDelegate.swift */ = {isa = PBXFileReference; lastKnownFileType = sourcecode.swift; path = AppDelegate.swift; sourceTree = "<group>"; };
		46C8E75A22995E22008ACD01 /* SL.xcdatamodel */ = {isa = PBXFileReference; lastKnownFileType = wrapper.xcdatamodel; path = SL.xcdatamodel; sourceTree = "<group>"; };
		46C8E76122995E23008ACD01 /* Info.plist */ = {isa = PBXFileReference; lastKnownFileType = text.plist.xml; path = Info.plist; sourceTree = "<group>"; };
		46C8E76722995F5D008ACD01 /* MyTableViewController.swift */ = {isa = PBXFileReference; lastKnownFileType = sourcecode.swift; path = MyTableViewController.swift; sourceTree = "<group>"; };
		46C8E76B229A6B63008ACD01 /* MainNavigationController.swift */ = {isa = PBXFileReference; lastKnownFileType = sourcecode.swift; path = MainNavigationController.swift; sourceTree = "<group>"; };
		46C8E76D229A6C2E008ACD01 /* NewKeyViewController.swift */ = {isa = PBXFileReference; lastKnownFileType = sourcecode.swift; path = NewKeyViewController.swift; sourceTree = "<group>"; };
		46F2021B229D7F3A00E0C63D /* SQLiteDataStore.swift */ = {isa = PBXFileReference; lastKnownFileType = sourcecode.swift; path = SQLiteDataStore.swift; sourceTree = "<group>"; };
		46F2021D229D80CB00E0C63D /* DataModel.swift */ = {isa = PBXFileReference; lastKnownFileType = sourcecode.swift; path = DataModel.swift; sourceTree = "<group>"; };
		46F2021F229D810000E0C63D /* DataHelper.swift */ = {isa = PBXFileReference; lastKnownFileType = sourcecode.swift; path = DataHelper.swift; sourceTree = "<group>"; };
		46F2022122A2BAC100E0C63D /* EditViewController.swift */ = {isa = PBXFileReference; lastKnownFileType = sourcecode.swift; path = EditViewController.swift; sourceTree = "<group>"; };
		46F2024622A2DC6200E0C63D /* Main.storyboard */ = {isa = PBXFileReference; fileEncoding = 4; lastKnownFileType = file.storyboard; path = Main.storyboard; sourceTree = "<group>"; };
		46F2024822A2DCB400E0C63D /* LaunchScreen.storyboard */ = {isa = PBXFileReference; fileEncoding = 4; lastKnownFileType = file.storyboard; path = LaunchScreen.storyboard; sourceTree = "<group>"; };
		46F2024B22A2DE6800E0C63D /* DataSocket.swift */ = {isa = PBXFileReference; fileEncoding = 4; lastKnownFileType = sourcecode.swift; path = DataSocket.swift; sourceTree = "<group>"; };
		46F2024F22A2DF1400E0C63D /* Assets.xcassets */ = {isa = PBXFileReference; lastKnownFileType = folder.assetcatalog; path = Assets.xcassets; sourceTree = "<group>"; };
		46F2025122A2DF8800E0C63D /* SocketManager.swift */ = {isa = PBXFileReference; lastKnownFileType = sourcecode.swift; path = SocketManager.swift; sourceTree = "<group>"; };
		46F2025322A2E28000E0C63D /* PresentersProtocol.swift */ = {isa = PBXFileReference; lastKnownFileType = sourcecode.swift; path = PresentersProtocol.swift; sourceTree = "<group>"; };
		46F2025522C876D600E0C63D /* SL.entitlements */ = {isa = PBXFileReference; lastKnownFileType = text.plist.entitlements; path = SL.entitlements; sourceTree = "<group>"; };
		D0D1100647D3D2D2DFB64F5B /* Pods-SL.release.xcconfig */ = {isa = PBXFileReference; includeInIndex = 1; lastKnownFileType = text.xcconfig; name = "Pods-SL.release.xcconfig"; path = "Target Support Files/Pods-SL/Pods-SL.release.xcconfig"; sourceTree = "<group>"; };
/* End PBXFileReference section */

/* Begin PBXFrameworksBuildPhase section */
		46C8E74C22995E22008ACD01 /* Frameworks */ = {
			isa = PBXFrameworksBuildPhase;
			buildActionMask = 2147483647;
			files = (
				5987A6250D3D6EC36255B789 /* Pods_SL.framework in Frameworks */,
			);
			runOnlyForDeploymentPostprocessing = 0;
		};
/* End PBXFrameworksBuildPhase section */

/* Begin PBXGroup section */
		20DEFF02403C3F220B73AB4F /* Pods */ = {
			isa = PBXGroup;
			children = (
				1843424233F53F3F05AD2018 /* Pods-SL.debug.xcconfig */,
				D0D1100647D3D2D2DFB64F5B /* Pods-SL.release.xcconfig */,
			);
			path = Pods;
			sourceTree = "<group>";
		};
		279CC6BE5882CC8A09F4AF3E /* Frameworks */ = {
			isa = PBXGroup;
			children = (
				04835BAF0828BF9286B34044 /* Pods_SL.framework */,
			);
			name = Frameworks;
			sourceTree = "<group>";
		};
		46C8E74622995E22008ACD01 = {
			isa = PBXGroup;
			children = (
				46C8E75122995E22008ACD01 /* SL */,
				46C8E75022995E22008ACD01 /* Products */,
				20DEFF02403C3F220B73AB4F /* Pods */,
				279CC6BE5882CC8A09F4AF3E /* Frameworks */,
			);
			sourceTree = "<group>";
		};
		46C8E75022995E22008ACD01 /* Products */ = {
			isa = PBXGroup;
			children = (
				46C8E74F22995E22008ACD01 /* SmartLock.app */,
			);
			name = Products;
			sourceTree = "<group>";
		};
		46C8E75122995E22008ACD01 /* SL */ = {
			isa = PBXGroup;
			children = (
				46F2025522C876D600E0C63D /* SL.entitlements */,
				46F2024A22A2DE6800E0C63D /* Model */,
				46C8E75222995E22008ACD01 /* AppDelegate.swift */,
				46F2025322A2E28000E0C63D /* PresentersProtocol.swift */,
				46F2021B229D7F3A00E0C63D /* SQLiteDataStore.swift */,
				46F2021D229D80CB00E0C63D /* DataModel.swift */,
				46F2021F229D810000E0C63D /* DataHelper.swift */,
				46C8E76B229A6B63008ACD01 /* MainNavigationController.swift */,
				46F2025122A2DF8800E0C63D /* SocketManager.swift */,
				46C8E76722995F5D008ACD01 /* MyTableViewController.swift */,
				46C8E76D229A6C2E008ACD01 /* NewKeyViewController.swift */,
				46F2022122A2BAC100E0C63D /* EditViewController.swift */,
				46F2024622A2DC6200E0C63D /* Main.storyboard */,
				46F2024F22A2DF1400E0C63D /* Assets.xcassets */,
				46F2024822A2DCB400E0C63D /* LaunchScreen.storyboard */,
				46C8E76122995E23008ACD01 /* Info.plist */,
				46C8E75922995E22008ACD01 /* SL.xcdatamodeld */,
			);
			path = SL;
			sourceTree = "<group>";
		};
		46F2024A22A2DE6800E0C63D /* Model */ = {
			isa = PBXGroup;
			children = (
				46F2024B22A2DE6800E0C63D /* DataSocket.swift */,
			);
			path = Model;
			sourceTree = "<group>";
		};
/* End PBXGroup section */

/* Begin PBXNativeTarget section */
		46C8E74E22995E22008ACD01 /* SL */ = {
			isa = PBXNativeTarget;
			buildConfigurationList = 46C8E76422995E23008ACD01 /* Build configuration list for PBXNativeTarget "SL" */;
			buildPhases = (
				5B1BAF55AE932C67FDB6D9FD /* [CP] Check Pods Manifest.lock */,
				46C8E74B22995E22008ACD01 /* Sources */,
				46C8E74C22995E22008ACD01 /* Frameworks */,
				46C8E74D22995E22008ACD01 /* Resources */,
				EBE2D4ACF3C099CDA2E91DE4 /* [CP] Embed Pods Frameworks */,
			);
			buildRules = (
			);
			dependencies = (
			);
			name = SL;
			productName = SL;
			productReference = 46C8E74F22995E22008ACD01 /* SmartLock.app */;
			productType = "com.apple.product-type.application";
		};
/* End PBXNativeTarget section */

/* Begin PBXProject section */
		46C8E74722995E22008ACD01 /* Project object */ = {
			isa = PBXProject;
			attributes = {
				LastSwiftUpdateCheck = 1020;
				LastUpgradeCheck = 1020;
				ORGANIZATIONNAME = "Трифон Шейкин";
				TargetAttributes = {
					46C8E74E22995E22008ACD01 = {
						CreatedOnToolsVersion = 10.2.1;
						SystemCapabilities = {
							com.apple.AccessWiFi = {
								enabled = 1;
							};
							com.apple.NearFieldCommunicationTagReading = {
								enabled = 0;
							};
						};
					};
				};
			};
			buildConfigurationList = 46C8E74A22995E22008ACD01 /* Build configuration list for PBXProject "SL" */;
			compatibilityVersion = "Xcode 9.3";
			developmentRegion = en;
			hasScannedForEncodings = 0;
			knownRegions = (
				en,
				Base,
			);
			mainGroup = 46C8E74622995E22008ACD01;
			productRefGroup = 46C8E75022995E22008ACD01 /* Products */;
			projectDirPath = "";
			projectRoot = "";
			targets = (
				46C8E74E22995E22008ACD01 /* SL */,
			);
		};
/* End PBXProject section */

/* Begin PBXResourcesBuildPhase section */
		46C8E74D22995E22008ACD01 /* Resources */ = {
			isa = PBXResourcesBuildPhase;
			buildActionMask = 2147483647;
			files = (
				46F2024922A2DCB400E0C63D /* LaunchScreen.storyboard in Resources */,
				46F2025022A2DF1400E0C63D /* Assets.xcassets in Resources */,
				46F2024722A2DC6200E0C63D /* Main.storyboard in Resources */,
			);
			runOnlyForDeploymentPostprocessing = 0;
		};
/* End PBXResourcesBuildPhase section */

/* Begin PBXShellScriptBuildPhase section */
		5B1BAF55AE932C67FDB6D9FD /* [CP] Check Pods Manifest.lock */ = {
			isa = PBXShellScriptBuildPhase;
			buildActionMask = 2147483647;
			files = (
			);
			inputFileListPaths = (
			);
			inputPaths = (
				"${PODS_PODFILE_DIR_PATH}/Podfile.lock",
				"${PODS_ROOT}/Manifest.lock",
			);
			name = "[CP] Check Pods Manifest.lock";
			outputFileListPaths = (
			);
			outputPaths = (
				"$(DERIVED_FILE_DIR)/Pods-SL-checkManifestLockResult.txt",
			);
			runOnlyForDeploymentPostprocessing = 0;
			shellPath = /bin/sh;
			shellScript = "diff \"${PODS_PODFILE_DIR_PATH}/Podfile.lock\" \"${PODS_ROOT}/Manifest.lock\" > /dev/null\nif [ $? != 0 ] ; then\n    # print error to STDERR\n    echo \"error: The sandbox is not in sync with the Podfile.lock. Run 'pod install' or update your CocoaPods installation.\" >&2\n    exit 1\nfi\n# This output is used by Xcode 'outputs' to avoid re-running this script phase.\necho \"SUCCESS\" > \"${SCRIPT_OUTPUT_FILE_0}\"\n";
			showEnvVarsInLog = 0;
		};
		EBE2D4ACF3C099CDA2E91DE4 /* [CP] Embed Pods Frameworks */ = {
			isa = PBXShellScriptBuildPhase;
			buildActionMask = 2147483647;
			files = (
			);
			inputFileListPaths = (
				"${PODS_ROOT}/Target Support Files/Pods-SL/Pods-SL-frameworks-${CONFIGURATION}-input-files.xcfilelist",
			);
			name = "[CP] Embed Pods Frameworks";
			outputFileListPaths = (
				"${PODS_ROOT}/Target Support Files/Pods-SL/Pods-SL-frameworks-${CONFIGURATION}-output-files.xcfilelist",
			);
			runOnlyForDeploymentPostprocessing = 0;
			shellPath = /bin/sh;
			shellScript = "\"${PODS_ROOT}/Target Support Files/Pods-SL/Pods-SL-frameworks.sh\"\n";
			showEnvVarsInLog = 0;
		};
/* End PBXShellScriptBuildPhase section */

/* Begin PBXSourcesBuildPhase section */
		46C8E74B22995E22008ACD01 /* Sources */ = {
			isa = PBXSourcesBuildPhase;
			buildActionMask = 2147483647;
			files = (
				46F2021E229D80CB00E0C63D /* DataModel.swift in Sources */,
				46F2024C22A2DE6800E0C63D /* DataSocket.swift in Sources */,
				46C8E76E229A6C2E008ACD01 /* NewKeyViewController.swift in Sources */,
				46F2021C229D7F3A00E0C63D /* SQLiteDataStore.swift in Sources */,
				46C8E75B22995E22008ACD01 /* SL.xcdatamodeld in Sources */,
				46F2025422A2E28000E0C63D /* PresentersProtocol.swift in Sources */,
				46C8E75322995E22008ACD01 /* AppDelegate.swift in Sources */,
				46F20220229D810000E0C63D /* DataHelper.swift in Sources */,
				46C8E76C229A6B63008ACD01 /* MainNavigationController.swift in Sources */,
				46C8E76822995F5D008ACD01 /* MyTableViewController.swift in Sources */,
				46F2025222A2DF8800E0C63D /* SocketManager.swift in Sources */,
				46F2022222A2BAC100E0C63D /* EditViewController.swift in Sources */,
			);
			runOnlyForDeploymentPostprocessing = 0;
		};
/* End PBXSourcesBuildPhase section */

/* Begin XCBuildConfiguration section */
		46C8E76222995E23008ACD01 /* Debug */ = {
			isa = XCBuildConfiguration;
			buildSettings = {
				ALWAYS_SEARCH_USER_PATHS = NO;
				CLANG_ANALYZER_NONNULL = YES;
				CLANG_ANALYZER_NUMBER_OBJECT_CONVERSION = YES_AGGRESSIVE;
				CLANG_CXX_LANGUAGE_STANDARD = "gnu++14";
				CLANG_CXX_LIBRARY = "libc++";
				CLANG_ENABLE_MODULES = YES;
				CLANG_ENABLE_OBJC_ARC = YES;
				CLANG_ENABLE_OBJC_WEAK = YES;
				CLANG_WARN_BLOCK_CAPTURE_AUTORELEASING = YES;
				CLANG_WARN_BOOL_CONVERSION = YES;
				CLANG_WARN_COMMA = YES;
				CLANG_WARN_CONSTANT_CONVERSION = YES;
				CLANG_WARN_DEPRECATED_OBJC_IMPLEMENTATIONS = YES;
				CLANG_WARN_DIRECT_OBJC_ISA_USAGE = YES_ERROR;
				CLANG_WARN_DOCUMENTATION_COMMENTS = YES;
				CLANG_WARN_EMPTY_BODY = YES;
				CLANG_WARN_ENUM_CONVERSION = YES;
				CLANG_WARN_INFINITE_RECURSION = YES;
				CLANG_WARN_INT_CONVERSION = YES;
				CLANG_WARN_NON_LITERAL_NULL_CONVERSION = YES;
				CLANG_WARN_OBJC_IMPLICIT_RETAIN_SELF = YES;
				CLANG_WARN_OBJC_LITERAL_CONVERSION = YES;
				CLANG_WARN_OBJC_ROOT_CLASS = YES_ERROR;
				CLANG_WARN_RANGE_LOOP_ANALYSIS = YES;
				CLANG_WARN_STRICT_PROTOTYPES = YES;
				CLANG_WARN_SUSPICIOUS_MOVE = YES;
				CLANG_WARN_UNGUARDED_AVAILABILITY = YES_AGGRESSIVE;
				CLANG_WARN_UNREACHABLE_CODE = YES;
				CLANG_WARN__DUPLICATE_METHOD_MATCH = YES;
				CODE_SIGN_IDENTITY = "iPhone Developer";
				COPY_PHASE_STRIP = NO;
				DEBUG_INFORMATION_FORMAT = dwarf;
				ENABLE_STRICT_OBJC_MSGSEND = YES;
				ENABLE_TESTABILITY = YES;
				GCC_C_LANGUAGE_STANDARD = gnu11;
				GCC_DYNAMIC_NO_PIC = NO;
				GCC_NO_COMMON_BLOCKS = YES;
				GCC_OPTIMIZATION_LEVEL = 0;
				GCC_PREPROCESSOR_DEFINITIONS = (
					"DEBUG=1",
					"$(inherited)",
				);
				GCC_WARN_64_TO_32_BIT_CONVERSION = YES;
				GCC_WARN_ABOUT_RETURN_TYPE = YES_ERROR;
				GCC_WARN_UNDECLARED_SELECTOR = YES;
				GCC_WARN_UNINITIALIZED_AUTOS = YES_AGGRESSIVE;
				GCC_WARN_UNUSED_FUNCTION = YES;
				GCC_WARN_UNUSED_VARIABLE = YES;
				IPHONEOS_DEPLOYMENT_TARGET = 12.2;
				MTL_ENABLE_DEBUG_INFO = INCLUDE_SOURCE;
				MTL_FAST_MATH = YES;
				ONLY_ACTIVE_ARCH = YES;
				SDKROOT = iphoneos;
				SWIFT_ACTIVE_COMPILATION_CONDITIONS = DEBUG;
				SWIFT_OPTIMIZATION_LEVEL = "-Onone";
			};
			name = Debug;
		};
		46C8E76322995E23008ACD01 /* Release */ = {
			isa = XCBuildConfiguration;
			buildSettings = {
				ALWAYS_SEARCH_USER_PATHS = NO;
				CLANG_ANALYZER_NONNULL = YES;
				CLANG_ANALYZER_NUMBER_OBJECT_CONVERSION = YES_AGGRESSIVE;
				CLANG_CXX_LANGUAGE_STANDARD = "gnu++14";
				CLANG_CXX_LIBRARY = "libc++";
				CLANG_ENABLE_MODULES = YES;
				CLANG_ENABLE_OBJC_ARC = YES;
				CLANG_ENABLE_OBJC_WEAK = YES;
				CLANG_WARN_BLOCK_CAPTURE_AUTORELEASING = YES;
				CLANG_WARN_BOOL_CONVERSION = YES;
				CLANG_WARN_COMMA = YES;
				CLANG_WARN_CONSTANT_CONVERSION = YES;
				CLANG_WARN_DEPRECATED_OBJC_IMPLEMENTATIONS = YES;
				CLANG_WARN_DIRECT_OBJC_ISA_USAGE = YES_ERROR;
				CLANG_WARN_DOCUMENTATION_COMMENTS = YES;
				CLANG_WARN_EMPTY_BODY = YES;
				CLANG_WARN_ENUM_CONVERSION = YES;
				CLANG_WARN_INFINITE_RECURSION = YES;
				CLANG_WARN_INT_CONVERSION = YES;
				CLANG_WARN_NON_LITERAL_NULL_CONVERSION = YES;
				CLANG_WARN_OBJC_IMPLICIT_RETAIN_SELF = YES;
				CLANG_WARN_OBJC_LITERAL_CONVERSION = YES;
				CLANG_WARN_OBJC_ROOT_CLASS = YES_ERROR;
				CLANG_WARN_RANGE_LOOP_ANALYSIS = YES;
				CLANG_WARN_STRICT_PROTOTYPES = YES;
				CLANG_WARN_SUSPICIOUS_MOVE = YES;
				CLANG_WARN_UNGUARDED_AVAILABILITY = YES_AGGRESSIVE;
				CLANG_WARN_UNREACHABLE_CODE = YES;
				CLANG_WARN__DUPLICATE_METHOD_MATCH = YES;
				CODE_SIGN_IDENTITY = "iPhone Developer";
				COPY_PHASE_STRIP = NO;
				DEBUG_INFORMATION_FORMAT = "dwarf-with-dsym";
				ENABLE_NS_ASSERTIONS = NO;
				ENABLE_STRICT_OBJC_MSGSEND = YES;
				GCC_C_LANGUAGE_STANDARD = gnu11;
				GCC_NO_COMMON_BLOCKS = YES;
				GCC_WARN_64_TO_32_BIT_CONVERSION = YES;
				GCC_WARN_ABOUT_RETURN_TYPE = YES_ERROR;
				GCC_WARN_UNDECLARED_SELECTOR = YES;
				GCC_WARN_UNINITIALIZED_AUTOS = YES_AGGRESSIVE;
				GCC_WARN_UNUSED_FUNCTION = YES;
				GCC_WARN_UNUSED_VARIABLE = YES;
				IPHONEOS_DEPLOYMENT_TARGET = 12.2;
				MTL_ENABLE_DEBUG_INFO = NO;
				MTL_FAST_MATH = YES;
				SDKROOT = iphoneos;
				SWIFT_COMPILATION_MODE = wholemodule;
				SWIFT_OPTIMIZATION_LEVEL = "-O";
				VALIDATE_PRODUCT = YES;
			};
			name = Release;
		};
		46C8E76522995E23008ACD01 /* Debug */ = {
			isa = XCBuildConfiguration;
			baseConfigurationReference = 1843424233F53F3F05AD2018 /* Pods-SL.debug.xcconfig */;
			buildSettings = {
				ASSETCATALOG_COMPILER_APPICON_NAME = AppIcon;
				CODE_SIGN_ENTITLEMENTS = SL/SL.entitlements;
				CODE_SIGN_STYLE = Automatic;
				DEVELOPMENT_TEAM = C3NC8ZZYR3;
				INFOPLIST_FILE = SL/Info.plist;
				IPHONEOS_DEPLOYMENT_TARGET = 12.1;
				LD_RUNPATH_SEARCH_PATHS = (
					"$(inherited)",
					"@executable_path/Frameworks",
				);
				PRODUCT_BUNDLE_IDENTIFIER = com.qwer.aestest;
				PRODUCT_NAME = SmartLock;
				SWIFT_VERSION = 5.0;
				TARGETED_DEVICE_FAMILY = "1,2";
			};
			name = Debug;
		};
		46C8E76622995E23008ACD01 /* Release */ = {
			isa = XCBuildConfiguration;
			baseConfigurationReference = D0D1100647D3D2D2DFB64F5B /* Pods-SL.release.xcconfig */;
			buildSettings = {
				ASSETCATALOG_COMPILER_APPICON_NAME = AppIcon;
				CODE_SIGN_ENTITLEMENTS = SL/SL.entitlements;
				CODE_SIGN_STYLE = Automatic;
				DEVELOPMENT_TEAM = C3NC8ZZYR3;
				INFOPLIST_FILE = SL/Info.plist;
				IPHONEOS_DEPLOYMENT_TARGET = 12.1;
				LD_RUNPATH_SEARCH_PATHS = (
					"$(inherited)",
					"@executable_path/Frameworks",
				);
				PRODUCT_BUNDLE_IDENTIFIER = com.qwer.aestest;
				PRODUCT_NAME = SmartLock;
				SWIFT_VERSION = 5.0;
				TARGETED_DEVICE_FAMILY = "1,2";
			};
			name = Release;
		};
/* End XCBuildConfiguration section */

/* Begin XCConfigurationList section */
		46C8E74A22995E22008ACD01 /* Build configuration list for PBXProject "SL" */ = {
			isa = XCConfigurationList;
			buildConfigurations = (
				46C8E76222995E23008ACD01 /* Debug */,
				46C8E76322995E23008ACD01 /* Release */,
			);
			defaultConfigurationIsVisible = 0;
			defaultConfigurationName = Release;
		};
		46C8E76422995E23008ACD01 /* Build configuration list for PBXNativeTarget "SL" */ = {
			isa = XCConfigurationList;
			buildConfigurations = (
				46C8E76522995E23008ACD01 /* Debug */,
				46C8E76622995E23008ACD01 /* Release */,
			);
			defaultConfigurationIsVisible = 0;
			defaultConfigurationName = Release;
		};
/* End XCConfigurationList section */

/* Begin XCVersionGroup section */
		46C8E75922995E22008ACD01 /* SL.xcdatamodeld */ = {
			isa = XCVersionGroup;
			children = (
				46C8E75A22995E22008ACD01 /* SL.xcdatamodel */,
			);
			currentVersion = 46C8E75A22995E22008ACD01 /* SL.xcdatamodel */;
			path = SL.xcdatamodeld;
			sourceTree = "<group>";
			versionGroupType = wrapper.xcdatamodel;
		};
/* End XCVersionGroup section */
	};
	rootObject = 46C8E74722995E22008ACD01 /* Project object */;
}
